
Microsoft Visual Studio Solution File, Format Version 12.00
# Visual Studio 15
VisualStudioVersion = 15.0.26430.13
MinimumVisualStudioVersion = 10.0.40219.1
Project("{8BC9CEB8-8B4A-11D0-8D11-00A0C91BC942}") = "Strategy", "Strategy\Strategy.vcxproj", "{F0E1E358-D385-4DE1-B0F1-24019EEFE487}"
EndProject
Project("{8BC9CEB8-8B4A-11D0-8D11-00A0C91BC942}") = "Decorator", "Decorator\Decorator.vcxproj", "{4BF814CB-4540-402B-B3FF-9F4046622438}"
EndProject
Project("{8BC9CEB8-8B4A-11D0-8D11-00A0C91BC942}") = "Proxy", "Proxy\Proxy.vcxproj", "{04A15283-C660-425E-B070-770D3A00A18D}"
EndProject
Project("{8BC9CEB8-8B4A-11D0-8D11-00A0C91BC942}") = "Prototype", "Prototype\Prototype.vcxproj", "{81F5E558-840B-40E4-8276-83D183FD4C6D}"
EndProject
Project("{8BC9CEB8-8B4A-11D0-8D11-00A0C91BC942}") = "Factory", "Factory\Factory.vcxproj", "{7548FFA3-DFB8-4451-9E0A-71DE2CF340C0}"
EndProject
Project("{8BC9CEB8-8B4A-11D0-8D11-00A0C91BC942}") = "TemplateMethod", "TemplateMethod\TemplateMethod.vcxproj", "{D79810A1-E76E-4E58-ADA1-6471F14464A7}"
EndProject
Project("{8BC9CEB8-8B4A-11D0-8D11-00A0C91BC942}") = "Facade", "Facade\Facade.vcxproj", "{056F0276-D36B-4410-9AC1-2B51BC02A021}"
EndProject
Project("{8BC9CEB8-8B4A-11D0-8D11-00A0C91BC942}") = "Builder", "Builder\Builder.vcxproj", "{C6650023-4DD9-42CB-B13E-3723F4BC9C78}"
EndProject
Project("{8BC9CEB8-8B4A-11D0-8D11-00A0C91BC942}") = "Observer", "Observer\Observer.vcxproj", "{855D9F49-F8CC-4C23-8B08-C919EC0698AE}"
EndProject
Project("{8BC9CEB8-8B4A-11D0-8D11-00A0C91BC942}") = "AbstractFactory", "AbstractFactory\AbstractFactory.vcxproj", "{FBCF8CA5-7BCC-4EBD-8685-A6EEE3709094}"
EndProject
Project("{8BC9CEB8-8B4A-11D0-8D11-00A0C91BC942}") = "State", "State\State.vcxproj", "{02314B72-1A39-46AD-87D7-CDC7FEC38216}"
EndProject
Project("{8BC9CEB8-8B4A-11D0-8D11-00A0C91BC942}") = "Adapter", "Adapter\Adapter.vcxproj", "{6AE5C78E-C1D2-422E-B06D-F0C17C2FE670}"
EndProject
Project("{8BC9CEB8-8B4A-11D0-8D11-00A0C91BC942}") = "Memento", "Memento\Memento.vcxproj", "{89A34A94-21FD-4784-9A73-BB63310C756E}"
EndProject
Global
	GlobalSection(SolutionConfigurationPlatforms) = preSolution
		Debug|x64 = Debug|x64
		Debug|x86 = Debug|x86
		Release|x64 = Release|x64
		Release|x86 = Release|x86
	EndGlobalSection
	GlobalSection(ProjectConfigurationPlatforms) = postSolution
		{F0E1E358-D385-4DE1-B0F1-24019EEFE487}.Debug|x64.ActiveCfg = Debug|x64
		{F0E1E358-D385-4DE1-B0F1-24019EEFE487}.Debug|x64.Build.0 = Debug|x64
		{F0E1E358-D385-4DE1-B0F1-24019EEFE487}.Debug|x86.ActiveCfg = Debug|Win32
		{F0E1E358-D385-4DE1-B0F1-24019EEFE487}.Debug|x86.Build.0 = Debug|Win32
		{F0E1E358-D385-4DE1-B0F1-24019EEFE487}.Release|x64.ActiveCfg = Release|x64
		{F0E1E358-D385-4DE1-B0F1-24019EEFE487}.Release|x64.Build.0 = Release|x64
		{F0E1E358-D385-4DE1-B0F1-24019EEFE487}.Release|x86.ActiveCfg = Release|Win32
		{F0E1E358-D385-4DE1-B0F1-24019EEFE487}.Release|x86.Build.0 = Release|Win32
		{4BF814CB-4540-402B-B3FF-9F4046622438}.Debug|x64.ActiveCfg = Debug|x64
		{4BF814CB-4540-402B-B3FF-9F4046622438}.Debug|x64.Build.0 = Debug|x64
		{4BF814CB-4540-402B-B3FF-9F4046622438}.Debug|x86.ActiveCfg = Debug|Win32
		{4BF814CB-4540-402B-B3FF-9F4046622438}.Debug|x86.Build.0 = Debug|Win32
		{4BF814CB-4540-402B-B3FF-9F4046622438}.Release|x64.ActiveCfg = Release|x64
		{4BF814CB-4540-402B-B3FF-9F4046622438}.Release|x64.Build.0 = Release|x64
		{4BF814CB-4540-402B-B3FF-9F4046622438}.Release|x86.ActiveCfg = Release|Win32
		{4BF814CB-4540-402B-B3FF-9F4046622438}.Release|x86.Build.0 = Release|Win32
		{04A15283-C660-425E-B070-770D3A00A18D}.Debug|x64.ActiveCfg = Debug|x64
		{04A15283-C660-425E-B070-770D3A00A18D}.Debug|x64.Build.0 = Debug|x64
		{04A15283-C660-425E-B070-770D3A00A18D}.Debug|x86.ActiveCfg = Debug|Win32
		{04A15283-C660-425E-B070-770D3A00A18D}.Debug|x86.Build.0 = Debug|Win32
		{04A15283-C660-425E-B070-770D3A00A18D}.Release|x64.ActiveCfg = Release|x64
		{04A15283-C660-425E-B070-770D3A00A18D}.Release|x64.Build.0 = Release|x64
		{04A15283-C660-425E-B070-770D3A00A18D}.Release|x86.ActiveCfg = Release|Win32
		{04A15283-C660-425E-B070-770D3A00A18D}.Release|x86.Build.0 = Release|Win32
		{81F5E558-840B-40E4-8276-83D183FD4C6D}.Debug|x64.ActiveCfg = Debug|x64
		{81F5E558-840B-40E4-8276-83D183FD4C6D}.Debug|x64.Build.0 = Debug|x64
		{81F5E558-840B-40E4-8276-83D183FD4C6D}.Debug|x86.ActiveCfg = Debug|Win32
		{81F5E558-840B-40E4-8276-83D183FD4C6D}.Debug|x86.Build.0 = Debug|Win32
		{81F5E558-840B-40E4-8276-83D183FD4C6D}.Release|x64.ActiveCfg = Release|x64
		{81F5E558-840B-40E4-8276-83D183FD4C6D}.Release|x64.Build.0 = Release|x64
		{81F5E558-840B-40E4-8276-83D183FD4C6D}.Release|x86.ActiveCfg = Release|Win32
		{81F5E558-840B-40E4-8276-83D183FD4C6D}.Release|x86.Build.0 = Release|Win32
		{7548FFA3-DFB8-4451-9E0A-71DE2CF340C0}.Debug|x64.ActiveCfg = Debug|x64
		{7548FFA3-DFB8-4451-9E0A-71DE2CF340C0}.Debug|x64.Build.0 = Debug|x64
		{7548FFA3-DFB8-4451-9E0A-71DE2CF340C0}.Debug|x86.ActiveCfg = Debug|Win32
		{7548FFA3-DFB8-4451-9E0A-71DE2CF340C0}.Debug|x86.Build.0 = Debug|Win32
		{7548FFA3-DFB8-4451-9E0A-71DE2CF340C0}.Release|x64.ActiveCfg = Release|x64
		{7548FFA3-DFB8-4451-9E0A-71DE2CF340C0}.Release|x64.Build.0 = Release|x64
		{7548FFA3-DFB8-4451-9E0A-71DE2CF340C0}.Release|x86.ActiveCfg = Release|Win32
		{7548FFA3-DFB8-4451-9E0A-71DE2CF340C0}.Release|x86.Build.0 = Release|Win32
		{D79810A1-E76E-4E58-ADA1-6471F14464A7}.Debug|x64.ActiveCfg = Debug|x64
		{D79810A1-E76E-4E58-ADA1-6471F14464A7}.Debug|x64.Build.0 = Debug|x64
		{D79810A1-E76E-4E58-ADA1-6471F14464A7}.Debug|x86.ActiveCfg = Debug|Win32
		{D79810A1-E76E-4E58-ADA1-6471F14464A7}.Debug|x86.Build.0 = Debug|Win32
		{D79810A1-E76E-4E58-ADA1-6471F14464A7}.Release|x64.ActiveCfg = Release|x64
		{D79810A1-E76E-4E58-ADA1-6471F14464A7}.Release|x64.Build.0 = Release|x64
		{D79810A1-E76E-4E58-ADA1-6471F14464A7}.Release|x86.ActiveCfg = Release|Win32
		{D79810A1-E76E-4E58-ADA1-6471F14464A7}.Release|x86.Build.0 = Release|Win32
		{056F0276-D36B-4410-9AC1-2B51BC02A021}.Debug|x64.ActiveCfg = Debug|x64
		{056F0276-D36B-4410-9AC1-2B51BC02A021}.Debug|x64.Build.0 = Debug|x64
		{056F0276-D36B-4410-9AC1-2B51BC02A021}.Debug|x86.ActiveCfg = Debug|Win32
		{056F0276-D36B-4410-9AC1-2B51BC02A021}.Debug|x86.Build.0 = Debug|Win32
		{056F0276-D36B-4410-9AC1-2B51BC02A021}.Release|x64.ActiveCfg = Release|x64
		{056F0276-D36B-4410-9AC1-2B51BC02A021}.Release|x64.Build.0 = Release|x64
		{056F0276-D36B-4410-9AC1-2B51BC02A021}.Release|x86.ActiveCfg = Release|Win32
		{056F0276-D36B-4410-9AC1-2B51BC02A021}.Release|x86.Build.0 = Release|Win32
		{C6650023-4DD9-42CB-B13E-3723F4BC9C78}.Debug|x64.ActiveCfg = Debug|x64
		{C6650023-4DD9-42CB-B13E-3723F4BC9C78}.Debug|x64.Build.0 = Debug|x64
		{C6650023-4DD9-42CB-B13E-3723F4BC9C78}.Debug|x86.ActiveCfg = Debug|Win32
		{C6650023-4DD9-42CB-B13E-3723F4BC9C78}.Debug|x86.Build.0 = Debug|Win32
		{C6650023-4DD9-42CB-B13E-3723F4BC9C78}.Release|x64.ActiveCfg = Release|x64
		{C6650023-4DD9-42CB-B13E-3723F4BC9C78}.Release|x64.Build.0 = Release|x64
		{C6650023-4DD9-42CB-B13E-3723F4BC9C78}.Release|x86.ActiveCfg = Release|Win32
		{C6650023-4DD9-42CB-B13E-3723F4BC9C78}.Release|x86.Build.0 = Release|Win32
		{855D9F49-F8CC-4C23-8B08-C919EC0698AE}.Debug|x64.ActiveCfg = Debug|x64
		{855D9F49-F8CC-4C23-8B08-C919EC0698AE}.Debug|x64.Build.0 = Debug|x64
		{855D9F49-F8CC-4C23-8B08-C919EC0698AE}.Debug|x86.ActiveCfg = Debug|Win32
		{855D9F49-F8CC-4C23-8B08-C919EC0698AE}.Debug|x86.Build.0 = Debug|Win32
		{855D9F49-F8CC-4C23-8B08-C919EC0698AE}.Release|x64.ActiveCfg = Release|x64
		{855D9F49-F8CC-4C23-8B08-C919EC0698AE}.Release|x64.Build.0 = Release|x64
		{855D9F49-F8CC-4C23-8B08-C919EC0698AE}.Release|x86.ActiveCfg = Release|Win32
		{855D9F49-F8CC-4C23-8B08-C919EC0698AE}.Release|x86.Build.0 = Release|Win32
		{FBCF8CA5-7BCC-4EBD-8685-A6EEE3709094}.Debug|x64.ActiveCfg = Debug|x64
		{FBCF8CA5-7BCC-4EBD-8685-A6EEE3709094}.Debug|x64.Build.0 = Debug|x64
		{FBCF8CA5-7BCC-4EBD-8685-A6EEE3709094}.Debug|x86.ActiveCfg = Debug|Win32
		{FBCF8CA5-7BCC-4EBD-8685-A6EEE3709094}.Debug|x86.Build.0 = Debug|Win32
		{FBCF8CA5-7BCC-4EBD-8685-A6EEE3709094}.Release|x64.ActiveCfg = Release|x64
		{FBCF8CA5-7BCC-4EBD-8685-A6EEE3709094}.Release|x64.Build.0 = Release|x64
		{FBCF8CA5-7BCC-4EBD-8685-A6EEE3709094}.Release|x86.ActiveCfg = Release|Win32
		{FBCF8CA5-7BCC-4EBD-8685-A6EEE3709094}.Release|x86.Build.0 = Release|Win32
		{02314B72-1A39-46AD-87D7-CDC7FEC38216}.Debug|x64.ActiveCfg = Debug|x64
		{02314B72-1A39-46AD-87D7-CDC7FEC38216}.Debug|x64.Build.0 = Debug|x64
		{02314B72-1A39-46AD-87D7-CDC7FEC38216}.Debug|x86.ActiveCfg = Debug|Win32
		{02314B72-1A39-46AD-87D7-CDC7FEC38216}.Debug|x86.Build.0 = Debug|Win32
		{02314B72-1A39-46AD-87D7-CDC7FEC38216}.Release|x64.ActiveCfg = Release|x64
		{02314B72-1A39-46AD-87D7-CDC7FEC38216}.Release|x64.Build.0 = Release|x64
		{02314B72-1A39-46AD-87D7-CDC7FEC38216}.Release|x86.ActiveCfg = Release|Win32
		{02314B72-1A39-46AD-87D7-CDC7FEC38216}.Release|x86.Build.0 = Release|Win32
		{6AE5C78E-C1D2-422E-B06D-F0C17C2FE670}.Debug|x64.ActiveCfg = Debug|x64
		{6AE5C78E-C1D2-422E-B06D-F0C17C2FE670}.Debug|x64.Build.0 = Debug|x64
		{6AE5C78E-C1D2-422E-B06D-F0C17C2FE670}.Debug|x86.ActiveCfg = Debug|Win32
		{6AE5C78E-C1D2-422E-B06D-F0C17C2FE670}.Debug|x86.Build.0 = Debug|Win32
		{6AE5C78E-C1D2-422E-B06D-F0C17C2FE670}.Release|x64.ActiveCfg = Release|x64
		{6AE5C78E-C1D2-422E-B06D-F0C17C2FE670}.Release|x64.Build.0 = Release|x64
		{6AE5C78E-C1D2-422E-B06D-F0C17C2FE670}.Release|x86.ActiveCfg = Release|Win32
		{6AE5C78E-C1D2-422E-B06D-F0C17C2FE670}.Release|x86.Build.0 = Release|Win32
		{89A34A94-21FD-4784-9A73-BB63310C756E}.Debug|x64.ActiveCfg = Debug|x64
		{89A34A94-21FD-4784-9A73-BB63310C756E}.Debug|x64.Build.0 = Debug|x64
		{89A34A94-21FD-4784-9A73-BB63310C756E}.Debug|x86.ActiveCfg = Debug|Win32
		{89A34A94-21FD-4784-9A73-BB63310C756E}.Debug|x86.Build.0 = Debug|Win32
		{89A34A94-21FD-4784-9A73-BB63310C756E}.Release|x64.ActiveCfg = Release|x64
		{89A34A94-21FD-4784-9A73-BB63310C756E}.Release|x64.Build.0 = Release|x64
		{89A34A94-21FD-4784-9A73-BB63310C756E}.Release|x86.ActiveCfg = Release|Win32
		{89A34A94-21FD-4784-9A73-BB63310C756E}.Release|x86.Build.0 = Release|Win32
	EndGlobalSection
	GlobalSection(SolutionProperties) = preSolution
		HideSolutionNode = FALSE
	EndGlobalSection
EndGlobal
